// !$*UTF8*$!
{
	archiveVersion = 1;
	classes = {
	};
	objectVersion = 46;
	objects = {

/* Begin PBXAggregateTarget section */
		C5198E4718A638FB00EA38C3 /* Documentation */ = {
			isa = PBXAggregateTarget;
			buildConfigurationList = C5198E4A18A638FB00EA38C3 /* Build configuration list for PBXAggregateTarget "Documentation" */;
			buildPhases = (
				C5198E4B18A6396100EA38C3 /* ShellScript */,
			);
			dependencies = (
			);
			name = Documentation;
			productName = Documentation;
		};
/* End PBXAggregateTarget section */

/* Begin PBXBuildFile section */
		C521CBF218819B2F00475F7F /* Foundation.framework in Frameworks */ = {isa = PBXBuildFile; fileRef = C521CBF118819B2F00475F7F /* Foundation.framework */; };
		C521CBF418819B2F00475F7F /* CoreGraphics.framework in Frameworks */ = {isa = PBXBuildFile; fileRef = C521CBF318819B2F00475F7F /* CoreGraphics.framework */; };
		C521CBF618819B2F00475F7F /* UIKit.framework in Frameworks */ = {isa = PBXBuildFile; fileRef = C521CBF518819B2F00475F7F /* UIKit.framework */; };
		C521CBFC18819B2F00475F7F /* InfoPlist.strings in Resources */ = {isa = PBXBuildFile; fileRef = C521CBFA18819B2F00475F7F /* InfoPlist.strings */; };
		C521CC0418819B2F00475F7F /* Images.xcassets in Resources */ = {isa = PBXBuildFile; fileRef = C521CC0318819B2F00475F7F /* Images.xcassets */; };
		C521CC0B18819B2F00475F7F /* XCTest.framework in Frameworks */ = {isa = PBXBuildFile; fileRef = C521CC0A18819B2F00475F7F /* XCTest.framework */; };
		C521CC0C18819B2F00475F7F /* Foundation.framework in Frameworks */ = {isa = PBXBuildFile; fileRef = C521CBF118819B2F00475F7F /* Foundation.framework */; };
		C521CC0D18819B2F00475F7F /* UIKit.framework in Frameworks */ = {isa = PBXBuildFile; fileRef = C521CBF518819B2F00475F7F /* UIKit.framework */; };
		C521CC1718819B2F00475F7F /* finalprojectTests.m in Sources */ = {isa = PBXBuildFile; fileRef = C521CC1618819B2F00475F7F /* finalprojectTests.m */; };
		CC8325D21A113122008BEB5E /* finalprojectTests-Info.plist in Resources */ = {isa = PBXBuildFile; fileRef = CC8325D11A113122008BEB5E /* finalprojectTests-Info.plist */; };
		CC8325D41A1131F7008BEB5E /* main.m in Sources */ = {isa = PBXBuildFile; fileRef = CC8325D31A1131F7008BEB5E /* main.m */; };
		CC8325D61A113207008BEB5E /* finalproject-Info.plist in Resources */ = {isa = PBXBuildFile; fileRef = CC8325D51A113207008BEB5E /* finalproject-Info.plist */; };
		CCA1D9171A110F6D008E49AD /* AppDelegate.m in Sources */ = {isa = PBXBuildFile; fileRef = CCA1D90D1A110F6D008E49AD /* AppDelegate.m */; };
		CCA1D9181A110F6D008E49AD /* DayInfo.m in Sources */ = {isa = PBXBuildFile; fileRef = CCA1D90F1A110F6D008E49AD /* DayInfo.m */; };
		CCA1D9191A110F6D008E49AD /* iLangDatabase.m in Sources */ = {isa = PBXBuildFile; fileRef = CCA1D9111A110F6D008E49AD /* iLangDatabase.m */; };
		CCA1D91A1A110F6D008E49AD /* InitialWordList.plist in Resources */ = {isa = PBXBuildFile; fileRef = CCA1D9121A110F6D008E49AD /* InitialWordList.plist */; };
		CCA1D91B1A110F6D008E49AD /* Word.m in Sources */ = {isa = PBXBuildFile; fileRef = CCA1D9141A110F6D008E49AD /* Word.m */; };
		CCA1D91C1A110F6D008E49AD /* Word+Util.m in Sources */ = {isa = PBXBuildFile; fileRef = CCA1D9161A110F6D008E49AD /* Word+Util.m */; };
		CCA1D9221A110F7E008E49AD /* iLang.storyboard in Resources */ = {isa = PBXBuildFile; fileRef = CCA1D91D1A110F7E008E49AD /* iLang.storyboard */; };
		CCA1D9231A110F7E008E49AD /* iPhone.storyboard in Resources */ = {isa = PBXBuildFile; fileRef = CCA1D91E1A110F7E008E49AD /* iPhone.storyboard */; };
		CCA1D9241A110F7E008E49AD /* WordListCell.m in Sources */ = {isa = PBXBuildFile; fileRef = CCA1D9201A110F7E008E49AD /* WordListCell.m */; };
		CCA1D9251A110F7E008E49AD /* WordListCell.xib in Resources */ = {isa = PBXBuildFile; fileRef = CCA1D9211A110F7E008E49AD /* WordListCell.xib */; };
		CCA1D9391A110F92008E49AD /* AddMoreWordsViewController.m in Sources */ = {isa = PBXBuildFile; fileRef = CCA1D9271A110F92008E49AD /* AddMoreWordsViewController.m */; };
		CCA1D93A1A110F92008E49AD /* CoreDataTableViewController.m in Sources */ = {isa = PBXBuildFile; fileRef = CCA1D9291A110F92008E49AD /* CoreDataTableViewController.m */; };
		CCA1D93B1A110F92008E49AD /* EditWordViewController.m in Sources */ = {isa = PBXBuildFile; fileRef = CCA1D92B1A110F92008E49AD /* EditWordViewController.m */; };
		CCA1D93C1A110F92008E49AD /* ExerciseCompletedViewController.m in Sources */ = {isa = PBXBuildFile; fileRef = CCA1D92D1A110F92008E49AD /* ExerciseCompletedViewController.m */; };
		CCA1D93D1A110F92008E49AD /* iLangNavigationController.m in Sources */ = {isa = PBXBuildFile; fileRef = CCA1D92F1A110F92008E49AD /* iLangNavigationController.m */; };
		CCA1D93F1A110F92008E49AD /* MainViewController.m in Sources */ = {isa = PBXBuildFile; fileRef = CCA1D9321A110F92008E49AD /* MainViewController.m */; };
		CCA1D9401A110F92008E49AD /* MatchWordsViewController.m in Sources */ = {isa = PBXBuildFile; fileRef = CCA1D9341A110F92008E49AD /* MatchWordsViewController.m */; };
		CCA1D9411A110F92008E49AD /* WordListViewController.m in Sources */ = {isa = PBXBuildFile; fileRef = CCA1D9361A110F92008E49AD /* WordListViewController.m */; };
		CCA1D9421A110F92008E49AD /* WordPuzzleViewController.m in Sources */ = {isa = PBXBuildFile; fileRef = CCA1D9381A110F92008E49AD /* WordPuzzleViewController.m */; };
		CCA1D9461A11110A008E49AD /* iLang.xcdatamodeld in Sources */ = {isa = PBXBuildFile; fileRef = CCA1D9441A11110A008E49AD /* iLang.xcdatamodeld */; };
		CCA1D9711A111131008E49AD /* InfoPlist.strings in Resources */ = {isa = PBXBuildFile; fileRef = CCA1D96A1A111131008E49AD /* InfoPlist.strings */; };
		CCA1D9721A111131008E49AD /* Readme.txt in Resources */ = {isa = PBXBuildFile; fileRef = CCA1D96E1A111131008E49AD /* Readme.txt */; };
		CCA1D9751A111147008E49AD /* iLang.xcdatamodeld in Sources */ = {isa = PBXBuildFile; fileRef = CCA1D9731A111147008E49AD /* iLang.xcdatamodeld */; };
		CCA1D9C71A11115F008E49AD /* Info.plist in Resources */ = {isa = PBXBuildFile; fileRef = CCA1D9791A11115F008E49AD /* Info.plist */; };
		CCA1D9C81A11115F008E49AD /* docSet.dsidx in Resources */ = {isa = PBXBuildFile; fileRef = CCA1D97B1A11115F008E49AD /* docSet.dsidx */; };
		CCA1D9C91A11115F008E49AD /* docSet.dsidx-shm in Resources */ = {isa = PBXBuildFile; fileRef = CCA1D97C1A11115F008E49AD /* docSet.dsidx-shm */; };
		CCA1D9CA1A11115F008E49AD /* docSet.dsidx-wal in Resources */ = {isa = PBXBuildFile; fileRef = CCA1D97D1A11115F008E49AD /* docSet.dsidx-wal */; };
		CCA1D9CB1A11115F008E49AD /* docSet.mom in Resources */ = {isa = PBXBuildFile; fileRef = CCA1D97E1A11115F008E49AD /* docSet.mom */; };
		CCA1D9CC1A11115F008E49AD /* docSet.skidx in Resources */ = {isa = PBXBuildFile; fileRef = CCA1D97F1A11115F008E49AD /* docSet.skidx */; };
		CCA1D9CD1A11115F008E49AD /* docSet.toc in Resources */ = {isa = PBXBuildFile; fileRef = CCA1D9801A11115F008E49AD /* docSet.toc */; };
		CCA1D9CE1A11115F008E49AD /* docSet.tokencache in Resources */ = {isa = PBXBuildFile; fileRef = CCA1D9811A11115F008E49AD /* docSet.tokencache */; };
		CCA1D9CF1A11115F008E49AD /* AddMoreWordsViewController.html in Resources */ = {isa = PBXBuildFile; fileRef = CCA1D9841A11115F008E49AD /* AddMoreWordsViewController.html */; };
		CCA1D9D01A11115F008E49AD /* AppDelegate.html in Resources */ = {isa = PBXBuildFile; fileRef = CCA1D9851A11115F008E49AD /* AppDelegate.html */; };
		CCA1D9D11A11115F008E49AD /* CoreDataTableViewController.html in Resources */ = {isa = PBXBuildFile; fileRef = CCA1D9861A11115F008E49AD /* CoreDataTableViewController.html */; };
		CCA1D9D21A11115F008E49AD /* DayInfo.html in Resources */ = {isa = PBXBuildFile; fileRef = CCA1D9871A11115F008E49AD /* DayInfo.html */; };
		CCA1D9D31A11115F008E49AD /* EditWordViewController.html in Resources */ = {isa = PBXBuildFile; fileRef = CCA1D9881A11115F008E49AD /* EditWordViewController.html */; };
		CCA1D9D41A11115F008E49AD /* ExerciseCompletedViewController.html in Resources */ = {isa = PBXBuildFile; fileRef = CCA1D9891A11115F008E49AD /* ExerciseCompletedViewController.html */; };
		CCA1D9D51A11115F008E49AD /* iLangDatabase.html in Resources */ = {isa = PBXBuildFile; fileRef = CCA1D98A1A11115F008E49AD /* iLangDatabase.html */; };
		CCA1D9D61A11115F008E49AD /* iLangNavigationController.html in Resources */ = {isa = PBXBuildFile; fileRef = CCA1D98B1A11115F008E49AD /* iLangNavigationController.html */; };
		CCA1D9D71A11115F008E49AD /* MainViewController.html in Resources */ = {isa = PBXBuildFile; fileRef = CCA1D98C1A11115F008E49AD /* MainViewController.html */; };
		CCA1D9D81A11115F008E49AD /* Word.html in Resources */ = {isa = PBXBuildFile; fileRef = CCA1D98D1A11115F008E49AD /* Word.html */; };
		CCA1D9D91A11115F008E49AD /* WordListCell.html in Resources */ = {isa = PBXBuildFile; fileRef = CCA1D98E1A11115F008E49AD /* WordListCell.html */; };
		CCA1D9DA1A11115F008E49AD /* WordListViewController.html in Resources */ = {isa = PBXBuildFile; fileRef = CCA1D98F1A11115F008E49AD /* WordListViewController.html */; };
		CCA1D9DB1A11115F008E49AD /* WordPuzzleViewController.html in Resources */ = {isa = PBXBuildFile; fileRef = CCA1D9901A11115F008E49AD /* WordPuzzleViewController.html */; };
		CCA1D9DC1A11115F008E49AD /* styles.css in Resources */ = {isa = PBXBuildFile; fileRef = CCA1D9921A11115F008E49AD /* styles.css */; };
		CCA1D9DD1A11115F008E49AD /* stylesPrint.css in Resources */ = {isa = PBXBuildFile; fileRef = CCA1D9931A11115F008E49AD /* stylesPrint.css */; };
		CCA1D9DE1A11115F008E49AD /* hierarchy.html in Resources */ = {isa = PBXBuildFile; fileRef = CCA1D9951A11115F008E49AD /* hierarchy.html */; };
		CCA1D9DF1A11115F008E49AD /* button_bar_background.png in Resources */ = {isa = PBXBuildFile; fileRef = CCA1D9971A11115F008E49AD /* button_bar_background.png */; };
		CCA1D9E01A11115F008E49AD /* disclosure.png in Resources */ = {isa = PBXBuildFile; fileRef = CCA1D9981A11115F008E49AD /* disclosure.png */; };
		CCA1D9E11A11115F008E49AD /* disclosure_open.png in Resources */ = {isa = PBXBuildFile; fileRef = CCA1D9991A11115F008E49AD /* disclosure_open.png */; };
		CCA1D9E21A11115F008E49AD /* library_background.png in Resources */ = {isa = PBXBuildFile; fileRef = CCA1D99A1A11115F008E49AD /* library_background.png */; };
		CCA1D9E31A11115F008E49AD /* title_background.png in Resources */ = {isa = PBXBuildFile; fileRef = CCA1D99B1A11115F008E49AD /* title_background.png */; };
		CCA1D9E41A11115F008E49AD /* index.html in Resources */ = {isa = PBXBuildFile; fileRef = CCA1D99C1A11115F008E49AD /* index.html */; };
		CCA1D9E51A11115F008E49AD /* Nodes.xml in Resources */ = {isa = PBXBuildFile; fileRef = CCA1D99D1A11115F008E49AD /* Nodes.xml */; };
		CCA1D9E61A11115F008E49AD /* Tokens1.xml in Resources */ = {isa = PBXBuildFile; fileRef = CCA1D99E1A11115F008E49AD /* Tokens1.xml */; };
		CCA1D9E71A11115F008E49AD /* Tokens10.xml in Resources */ = {isa = PBXBuildFile; fileRef = CCA1D99F1A11115F008E49AD /* Tokens10.xml */; };
		CCA1D9E81A11115F008E49AD /* Tokens11.xml in Resources */ = {isa = PBXBuildFile; fileRef = CCA1D9A01A11115F008E49AD /* Tokens11.xml */; };
		CCA1D9E91A11115F008E49AD /* Tokens12.xml in Resources */ = {isa = PBXBuildFile; fileRef = CCA1D9A11A11115F008E49AD /* Tokens12.xml */; };
		CCA1D9EA1A11115F008E49AD /* Tokens13.xml in Resources */ = {isa = PBXBuildFile; fileRef = CCA1D9A21A11115F008E49AD /* Tokens13.xml */; };
		CCA1D9EB1A11115F008E49AD /* Tokens2.xml in Resources */ = {isa = PBXBuildFile; fileRef = CCA1D9A31A11115F008E49AD /* Tokens2.xml */; };
		CCA1D9EC1A11115F008E49AD /* Tokens3.xml in Resources */ = {isa = PBXBuildFile; fileRef = CCA1D9A41A11115F008E49AD /* Tokens3.xml */; };
		CCA1D9ED1A11115F008E49AD /* Tokens4.xml in Resources */ = {isa = PBXBuildFile; fileRef = CCA1D9A51A11115F008E49AD /* Tokens4.xml */; };
		CCA1D9EE1A11115F008E49AD /* Tokens5.xml in Resources */ = {isa = PBXBuildFile; fileRef = CCA1D9A61A11115F008E49AD /* Tokens5.xml */; };
		CCA1D9EF1A11115F008E49AD /* Tokens6.xml in Resources */ = {isa = PBXBuildFile; fileRef = CCA1D9A71A11115F008E49AD /* Tokens6.xml */; };
		CCA1D9F01A11115F008E49AD /* Tokens7.xml in Resources */ = {isa = PBXBuildFile; fileRef = CCA1D9A81A11115F008E49AD /* Tokens7.xml */; };
		CCA1D9F11A11115F008E49AD /* Tokens8.xml in Resources */ = {isa = PBXBuildFile; fileRef = CCA1D9A91A11115F008E49AD /* Tokens8.xml */; };
		CCA1D9F21A11115F008E49AD /* Tokens9.xml in Resources */ = {isa = PBXBuildFile; fileRef = CCA1D9AA1A11115F008E49AD /* Tokens9.xml */; };
		CCA1D9F31A11115F008E49AD /* docset-installed.txt in Resources */ = {isa = PBXBuildFile; fileRef = CCA1D9AB1A11115F008E49AD /* docset-installed.txt */; };
		CCA1D9F41A11115F008E49AD /* AddMoreWordsViewController.html in Resources */ = {isa = PBXBuildFile; fileRef = CCA1D9AE1A11115F008E49AD /* AddMoreWordsViewController.html */; };
		CCA1D9F51A11115F008E49AD /* AppDelegate.html in Resources */ = {isa = PBXBuildFile; fileRef = CCA1D9AF1A11115F008E49AD /* AppDelegate.html */; };
		CCA1D9F61A11115F008E49AD /* CoreDataTableViewController.html in Resources */ = {isa = PBXBuildFile; fileRef = CCA1D9B01A11115F008E49AD /* CoreDataTableViewController.html */; };
		CCA1D9F71A11115F008E49AD /* DayInfo.html in Resources */ = {isa = PBXBuildFile; fileRef = CCA1D9B11A11115F008E49AD /* DayInfo.html */; };
		CCA1D9F81A11115F008E49AD /* EditWordViewController.html in Resources */ = {isa = PBXBuildFile; fileRef = CCA1D9B21A11115F008E49AD /* EditWordViewController.html */; };
		CCA1D9F91A11115F008E49AD /* ExerciseCompletedViewController.html in Resources */ = {isa = PBXBuildFile; fileRef = CCA1D9B31A11115F008E49AD /* ExerciseCompletedViewController.html */; };
		CCA1D9FA1A11115F008E49AD /* iLangDatabase.html in Resources */ = {isa = PBXBuildFile; fileRef = CCA1D9B41A11115F008E49AD /* iLangDatabase.html */; };
		CCA1D9FB1A11115F008E49AD /* iLangNavigationController.html in Resources */ = {isa = PBXBuildFile; fileRef = CCA1D9B51A11115F008E49AD /* iLangNavigationController.html */; };
		CCA1D9FC1A11115F008E49AD /* MainViewController.html in Resources */ = {isa = PBXBuildFile; fileRef = CCA1D9B61A11115F008E49AD /* MainViewController.html */; };
		CCA1D9FD1A11115F008E49AD /* Word.html in Resources */ = {isa = PBXBuildFile; fileRef = CCA1D9B71A11115F008E49AD /* Word.html */; };
		CCA1D9FE1A11115F008E49AD /* WordListCell.html in Resources */ = {isa = PBXBuildFile; fileRef = CCA1D9B81A11115F008E49AD /* WordListCell.html */; };
		CCA1D9FF1A11115F008E49AD /* WordListViewController.html in Resources */ = {isa = PBXBuildFile; fileRef = CCA1D9B91A11115F008E49AD /* WordListViewController.html */; };
		CCA1DA001A11115F008E49AD /* WordPuzzleViewController.html in Resources */ = {isa = PBXBuildFile; fileRef = CCA1D9BA1A11115F008E49AD /* WordPuzzleViewController.html */; };
		CCA1DA011A11115F008E49AD /* styles.css in Resources */ = {isa = PBXBuildFile; fileRef = CCA1D9BC1A11115F008E49AD /* styles.css */; };
		CCA1DA021A11115F008E49AD /* stylesPrint.css in Resources */ = {isa = PBXBuildFile; fileRef = CCA1D9BD1A11115F008E49AD /* stylesPrint.css */; };
		CCA1DA031A11115F008E49AD /* hierarchy.html in Resources */ = {isa = PBXBuildFile; fileRef = CCA1D9BF1A11115F008E49AD /* hierarchy.html */; };
		CCA1DA041A11115F008E49AD /* button_bar_background.png in Resources */ = {isa = PBXBuildFile; fileRef = CCA1D9C11A11115F008E49AD /* button_bar_background.png */; };
		CCA1DA051A11115F008E49AD /* disclosure.png in Resources */ = {isa = PBXBuildFile; fileRef = CCA1D9C21A11115F008E49AD /* disclosure.png */; };
		CCA1DA061A11115F008E49AD /* disclosure_open.png in Resources */ = {isa = PBXBuildFile; fileRef = CCA1D9C31A11115F008E49AD /* disclosure_open.png */; };
		CCA1DA071A11115F008E49AD /* library_background.png in Resources */ = {isa = PBXBuildFile; fileRef = CCA1D9C41A11115F008E49AD /* library_background.png */; };
		CCA1DA081A11115F008E49AD /* title_background.png in Resources */ = {isa = PBXBuildFile; fileRef = CCA1D9C51A11115F008E49AD /* title_background.png */; };
		CCA1DA091A11115F008E49AD /* index.html in Resources */ = {isa = PBXBuildFile; fileRef = CCA1D9C61A11115F008E49AD /* index.html */; };
/* End PBXBuildFile section */

/* Begin PBXContainerItemProxy section */
		C521CC0E18819B2F00475F7F /* PBXContainerItemProxy */ = {
			isa = PBXContainerItemProxy;
			containerPortal = C521CBE618819B2F00475F7F /* Project object */;
			proxyType = 1;
			remoteGlobalIDString = C521CBED18819B2F00475F7F;
			remoteInfo = finalproject;
		};
/* End PBXContainerItemProxy section */

/* Begin PBXFileReference section */
		C521CBEE18819B2F00475F7F /* iLang.app */ = {isa = PBXFileReference; explicitFileType = wrapper.application; includeInIndex = 0; path = iLang.app; sourceTree = BUILT_PRODUCTS_DIR; };
		C521CBF118819B2F00475F7F /* Foundation.framework */ = {isa = PBXFileReference; lastKnownFileType = wrapper.framework; name = Foundation.framework; path = System/Library/Frameworks/Foundation.framework; sourceTree = SDKROOT; };
		C521CBF318819B2F00475F7F /* CoreGraphics.framework */ = {isa = PBXFileReference; lastKnownFileType = wrapper.framework; name = CoreGraphics.framework; path = System/Library/Frameworks/CoreGraphics.framework; sourceTree = SDKROOT; };
		C521CBF518819B2F00475F7F /* UIKit.framework */ = {isa = PBXFileReference; lastKnownFileType = wrapper.framework; name = UIKit.framework; path = System/Library/Frameworks/UIKit.framework; sourceTree = SDKROOT; };
		C521CBFB18819B2F00475F7F /* en */ = {isa = PBXFileReference; lastKnownFileType = text.plist.strings; name = en; path = en.lproj/InfoPlist.strings; sourceTree = "<group>"; };
		C521CC0318819B2F00475F7F /* Images.xcassets */ = {isa = PBXFileReference; lastKnownFileType = folder.assetcatalog; path = Images.xcassets; sourceTree = "<group>"; };
		C521CC0918819B2F00475F7F /* finalprojectTests.xctest */ = {isa = PBXFileReference; explicitFileType = wrapper.cfbundle; includeInIndex = 0; path = finalprojectTests.xctest; sourceTree = BUILT_PRODUCTS_DIR; };
		C521CC0A18819B2F00475F7F /* XCTest.framework */ = {isa = PBXFileReference; lastKnownFileType = wrapper.framework; name = XCTest.framework; path = Library/Frameworks/XCTest.framework; sourceTree = DEVELOPER_DIR; };
		C521CC1618819B2F00475F7F /* finalprojectTests.m */ = {isa = PBXFileReference; lastKnownFileType = sourcecode.c.objc; path = finalprojectTests.m; sourceTree = "<group>"; };
		C5826F5A18888F51008F9B8C /* finalproject.entitlements */ = {isa = PBXFileReference; lastKnownFileType = text.xml; path = finalproject.entitlements; sourceTree = "<group>"; };
		CC8325D01A112F90008BEB5E /* finalproject-Prefix.pch */ = {isa = PBXFileReference; fileEncoding = 4; lastKnownFileType = sourcecode.c.h; name = "finalproject-Prefix.pch"; path = "finalproject/finalproject-Prefix.pch"; sourceTree = SOURCE_ROOT; };
		CC8325D11A113122008BEB5E /* finalprojectTests-Info.plist */ = {isa = PBXFileReference; fileEncoding = 4; lastKnownFileType = text.plist.xml; path = "finalprojectTests-Info.plist"; sourceTree = "<group>"; };
		CC8325D31A1131F7008BEB5E /* main.m */ = {isa = PBXFileReference; fileEncoding = 4; lastKnownFileType = sourcecode.c.objc; path = main.m; sourceTree = "<group>"; };
		CC8325D51A113207008BEB5E /* finalproject-Info.plist */ = {isa = PBXFileReference; fileEncoding = 4; lastKnownFileType = text.plist.xml; path = "finalproject-Info.plist"; sourceTree = "<group>"; };
		CCA1D90C1A110F6D008E49AD /* AppDelegate.h */ = {isa = PBXFileReference; fileEncoding = 4; lastKnownFileType = sourcecode.c.h; name = AppDelegate.h; path = Model/AppDelegate.h; sourceTree = "<group>"; };
		CCA1D90D1A110F6D008E49AD /* AppDelegate.m */ = {isa = PBXFileReference; fileEncoding = 4; lastKnownFileType = sourcecode.c.objc; name = AppDelegate.m; path = Model/AppDelegate.m; sourceTree = "<group>"; };
		CCA1D90E1A110F6D008E49AD /* DayInfo.h */ = {isa = PBXFileReference; fileEncoding = 4; lastKnownFileType = sourcecode.c.h; name = DayInfo.h; path = Model/DayInfo.h; sourceTree = "<group>"; };
		CCA1D90F1A110F6D008E49AD /* DayInfo.m */ = {isa = PBXFileReference; fileEncoding = 4; lastKnownFileType = sourcecode.c.objc; name = DayInfo.m; path = Model/DayInfo.m; sourceTree = "<group>"; };
		CCA1D9101A110F6D008E49AD /* iLangDatabase.h */ = {isa = PBXFileReference; fileEncoding = 4; lastKnownFileType = sourcecode.c.h; name = iLangDatabase.h; path = Model/iLangDatabase.h; sourceTree = "<group>"; };
		CCA1D9111A110F6D008E49AD /* iLangDatabase.m */ = {isa = PBXFileReference; fileEncoding = 4; lastKnownFileType = sourcecode.c.objc; name = iLangDatabase.m; path = Model/iLangDatabase.m; sourceTree = "<group>"; };
		CCA1D9121A110F6D008E49AD /* InitialWordList.plist */ = {isa = PBXFileReference; fileEncoding = 4; lastKnownFileType = text.plist.xml; name = InitialWordList.plist; path = Model/InitialWordList.plist; sourceTree = "<group>"; };
		CCA1D9131A110F6D008E49AD /* Word.h */ = {isa = PBXFileReference; fileEncoding = 4; lastKnownFileType = sourcecode.c.h; name = Word.h; path = Model/Word.h; sourceTree = "<group>"; };
		CCA1D9141A110F6D008E49AD /* Word.m */ = {isa = PBXFileReference; fileEncoding = 4; lastKnownFileType = sourcecode.c.objc; name = Word.m; path = Model/Word.m; sourceTree = "<group>"; };
		CCA1D9151A110F6D008E49AD /* Word+Util.h */ = {isa = PBXFileReference; fileEncoding = 4; lastKnownFileType = sourcecode.c.h; name = "Word+Util.h"; path = "Model/Word+Util.h"; sourceTree = "<group>"; };
		CCA1D9161A110F6D008E49AD /* Word+Util.m */ = {isa = PBXFileReference; fileEncoding = 4; lastKnownFileType = sourcecode.c.objc; name = "Word+Util.m"; path = "Model/Word+Util.m"; sourceTree = "<group>"; };
		CCA1D91D1A110F7E008E49AD /* iLang.storyboard */ = {isa = PBXFileReference; fileEncoding = 4; lastKnownFileType = file.storyboard; name = iLang.storyboard; path = finalproject/View/iLang.storyboard; sourceTree = "<group>"; };
		CCA1D91E1A110F7E008E49AD /* iPhone.storyboard */ = {isa = PBXFileReference; fileEncoding = 4; lastKnownFileType = file.storyboard; name = iPhone.storyboard; path = finalproject/View/iPhone.storyboard; sourceTree = "<group>"; };
		CCA1D91F1A110F7E008E49AD /* WordListCell.h */ = {isa = PBXFileReference; fileEncoding = 4; lastKnownFileType = sourcecode.c.h; name = WordListCell.h; path = finalproject/View/WordListCell.h; sourceTree = "<group>"; };
		CCA1D9201A110F7E008E49AD /* WordListCell.m */ = {isa = PBXFileReference; fileEncoding = 4; lastKnownFileType = sourcecode.c.objc; name = WordListCell.m; path = finalproject/View/WordListCell.m; sourceTree = "<group>"; };
		CCA1D9211A110F7E008E49AD /* WordListCell.xib */ = {isa = PBXFileReference; fileEncoding = 4; lastKnownFileType = file.xib; name = WordListCell.xib; path = finalproject/View/WordListCell.xib; sourceTree = "<group>"; };
		CCA1D9261A110F92008E49AD /* AddMoreWordsViewController.h */ = {isa = PBXFileReference; fileEncoding = 4; lastKnownFileType = sourcecode.c.h; name = AddMoreWordsViewController.h; path = finalproject/Controller/AddMoreWordsViewController.h; sourceTree = "<group>"; };
		CCA1D9271A110F92008E49AD /* AddMoreWordsViewController.m */ = {isa = PBXFileReference; fileEncoding = 4; lastKnownFileType = sourcecode.c.objc; name = AddMoreWordsViewController.m; path = finalproject/Controller/AddMoreWordsViewController.m; sourceTree = "<group>"; };
		CCA1D9281A110F92008E49AD /* CoreDataTableViewController.h */ = {isa = PBXFileReference; fileEncoding = 4; lastKnownFileType = sourcecode.c.h; name = CoreDataTableViewController.h; path = finalproject/Controller/CoreDataTableViewController.h; sourceTree = "<group>"; };
		CCA1D9291A110F92008E49AD /* CoreDataTableViewController.m */ = {isa = PBXFileReference; fileEncoding = 4; lastKnownFileType = sourcecode.c.objc; name = CoreDataTableViewController.m; path = finalproject/Controller/CoreDataTableViewController.m; sourceTree = "<group>"; };
		CCA1D92A1A110F92008E49AD /* EditWordViewController.h */ = {isa = PBXFileReference; fileEncoding = 4; lastKnownFileType = sourcecode.c.h; name = EditWordViewController.h; path = finalproject/Controller/EditWordViewController.h; sourceTree = "<group>"; };
		CCA1D92B1A110F92008E49AD /* EditWordViewController.m */ = {isa = PBXFileReference; fileEncoding = 4; lastKnownFileType = sourcecode.c.objc; name = EditWordViewController.m; path = finalproject/Controller/EditWordViewController.m; sourceTree = "<group>"; };
		CCA1D92C1A110F92008E49AD /* ExerciseCompletedViewController.h */ = {isa = PBXFileReference; fileEncoding = 4; lastKnownFileType = sourcecode.c.h; name = ExerciseCompletedViewController.h; path = Controller/ExerciseCompletedViewController.h; sourceTree = "<group>"; };
		CCA1D92D1A110F92008E49AD /* ExerciseCompletedViewController.m */ = {isa = PBXFileReference; fileEncoding = 4; lastKnownFileType = sourcecode.c.objc; name = ExerciseCompletedViewController.m; path = Controller/ExerciseCompletedViewController.m; sourceTree = "<group>"; };
		CCA1D92E1A110F92008E49AD /* iLangNavigationController.h */ = {isa = PBXFileReference; fileEncoding = 4; lastKnownFileType = sourcecode.c.h; name = iLangNavigationController.h; path = finalproject/Controller/iLangNavigationController.h; sourceTree = "<group>"; };
		CCA1D92F1A110F92008E49AD /* iLangNavigationController.m */ = {isa = PBXFileReference; fileEncoding = 4; lastKnownFileType = sourcecode.c.objc; name = iLangNavigationController.m; path = finalproject/Controller/iLangNavigationController.m; sourceTree = "<group>"; };
		CCA1D9311A110F92008E49AD /* MainViewController.h */ = {isa = PBXFileReference; fileEncoding = 4; lastKnownFileType = sourcecode.c.h; name = MainViewController.h; path = finalproject/Controller/MainViewController.h; sourceTree = "<group>"; };
		CCA1D9321A110F92008E49AD /* MainViewController.m */ = {isa = PBXFileReference; fileEncoding = 4; lastKnownFileType = sourcecode.c.objc; name = MainViewController.m; path = finalproject/Controller/MainViewController.m; sourceTree = "<group>"; };
		CCA1D9331A110F92008E49AD /* MatchWordsViewController.h */ = {isa = PBXFileReference; fileEncoding = 4; lastKnownFileType = sourcecode.c.h; name = MatchWordsViewController.h; path = Controller/MatchWordsViewController.h; sourceTree = "<group>"; };
		CCA1D9341A110F92008E49AD /* MatchWordsViewController.m */ = {isa = PBXFileReference; fileEncoding = 4; lastKnownFileType = sourcecode.c.objc; name = MatchWordsViewController.m; path = Controller/MatchWordsViewController.m; sourceTree = "<group>"; };
		CCA1D9351A110F92008E49AD /* WordListViewController.h */ = {isa = PBXFileReference; fileEncoding = 4; lastKnownFileType = sourcecode.c.h; name = WordListViewController.h; path = Controller/WordListViewController.h; sourceTree = "<group>"; };
		CCA1D9361A110F92008E49AD /* WordListViewController.m */ = {isa = PBXFileReference; fileEncoding = 4; lastKnownFileType = sourcecode.c.objc; name = WordListViewController.m; path = Controller/WordListViewController.m; sourceTree = "<group>"; };
		CCA1D9371A110F92008E49AD /* WordPuzzleViewController.h */ = {isa = PBXFileReference; fileEncoding = 4; lastKnownFileType = sourcecode.c.h; name = WordPuzzleViewController.h; path = Controller/WordPuzzleViewController.h; sourceTree = "<group>"; };
		CCA1D9381A110F92008E49AD /* WordPuzzleViewController.m */ = {isa = PBXFileReference; fileEncoding = 4; lastKnownFileType = sourcecode.c.objc; name = WordPuzzleViewController.m; path = Controller/WordPuzzleViewController.m; sourceTree = "<group>"; };
		CCA1D9451A11110A008E49AD /* iLang.xcdatamodel */ = {isa = PBXFileReference; lastKnownFileType = wrapper.xcdatamodel; path = iLang.xcdatamodel; sourceTree = "<group>"; };
		CCA1D96B1A111131008E49AD /* en */ = {isa = PBXFileReference; lastKnownFileType = text.plist.strings; name = en; path = InfoPlist.strings; sourceTree = "<group>"; };
		CCA1D96D1A111131008E49AD /* en */ = {isa = PBXFileReference; lastKnownFileType = net.daringfireball.markdown; name = en; path = readme.markdown; sourceTree = "<group>"; };
		CCA1D96F1A111131008E49AD /* en */ = {isa = PBXFileReference; lastKnownFileType = text; name = en; path = Readme.txt; sourceTree = "<group>"; };
		CCA1D9741A111147008E49AD /* iLang.xcdatamodel */ = {isa = PBXFileReference; lastKnownFileType = wrapper.xcdatamodel; path = iLang.xcdatamodel; sourceTree = "<group>"; };
		CCA1D9791A11115F008E49AD /* Info.plist */ = {isa = PBXFileReference; fileEncoding = 4; lastKnownFileType = text.plist.xml; path = Info.plist; sourceTree = "<group>"; };
		CCA1D97B1A11115F008E49AD /* docSet.dsidx */ = {isa = PBXFileReference; lastKnownFileType = file; path = docSet.dsidx; sourceTree = "<group>"; };
		CCA1D97C1A11115F008E49AD /* docSet.dsidx-shm */ = {isa = PBXFileReference; lastKnownFileType = file; path = "docSet.dsidx-shm"; sourceTree = "<group>"; };
		CCA1D97D1A11115F008E49AD /* docSet.dsidx-wal */ = {isa = PBXFileReference; lastKnownFileType = file; path = "docSet.dsidx-wal"; sourceTree = "<group>"; };
		CCA1D97E1A11115F008E49AD /* docSet.mom */ = {isa = PBXFileReference; lastKnownFileType = file.bplist; path = docSet.mom; sourceTree = "<group>"; };
		CCA1D97F1A11115F008E49AD /* docSet.skidx */ = {isa = PBXFileReference; lastKnownFileType = file; path = docSet.skidx; sourceTree = "<group>"; };
		CCA1D9801A11115F008E49AD /* docSet.toc */ = {isa = PBXFileReference; lastKnownFileType = file.bplist; path = docSet.toc; sourceTree = "<group>"; };
		CCA1D9811A11115F008E49AD /* docSet.tokencache */ = {isa = PBXFileReference; lastKnownFileType = file.bplist; path = docSet.tokencache; sourceTree = "<group>"; };
		CCA1D9841A11115F008E49AD /* AddMoreWordsViewController.html */ = {isa = PBXFileReference; fileEncoding = 4; lastKnownFileType = text.html; path = AddMoreWordsViewController.html; sourceTree = "<group>"; };
		CCA1D9851A11115F008E49AD /* AppDelegate.html */ = {isa = PBXFileReference; fileEncoding = 4; lastKnownFileType = text.html; path = AppDelegate.html; sourceTree = "<group>"; };
		CCA1D9861A11115F008E49AD /* CoreDataTableViewController.html */ = {isa = PBXFileReference; fileEncoding = 4; lastKnownFileType = text.html; path = CoreDataTableViewController.html; sourceTree = "<group>"; };
		CCA1D9871A11115F008E49AD /* DayInfo.html */ = {isa = PBXFileReference; fileEncoding = 4; lastKnownFileType = text.html; path = DayInfo.html; sourceTree = "<group>"; };
		CCA1D9881A11115F008E49AD /* EditWordViewController.html */ = {isa = PBXFileReference; fileEncoding = 4; lastKnownFileType = text.html; path = EditWordViewController.html; sourceTree = "<group>"; };
		CCA1D9891A11115F008E49AD /* ExerciseCompletedViewController.html */ = {isa = PBXFileReference; fileEncoding = 4; lastKnownFileType = text.html; path = ExerciseCompletedViewController.html; sourceTree = "<group>"; };
		CCA1D98A1A11115F008E49AD /* iLangDatabase.html */ = {isa = PBXFileReference; fileEncoding = 4; lastKnownFileType = text.html; path = iLangDatabase.html; sourceTree = "<group>"; };
		CCA1D98B1A11115F008E49AD /* iLangNavigationController.html */ = {isa = PBXFileReference; fileEncoding = 4; lastKnownFileType = text.html; path = iLangNavigationController.html; sourceTree = "<group>"; };
		CCA1D98C1A11115F008E49AD /* MainViewController.html */ = {isa = PBXFileReference; fileEncoding = 4; lastKnownFileType = text.html; path = MainViewController.html; sourceTree = "<group>"; };
		CCA1D98D1A11115F008E49AD /* Word.html */ = {isa = PBXFileReference; fileEncoding = 4; lastKnownFileType = text.html; path = Word.html; sourceTree = "<group>"; };
		CCA1D98E1A11115F008E49AD /* WordListCell.html */ = {isa = PBXFileReference; fileEncoding = 4; lastKnownFileType = text.html; path = WordListCell.html; sourceTree = "<group>"; };
		CCA1D98F1A11115F008E49AD /* WordListViewController.html */ = {isa = PBXFileReference; fileEncoding = 4; lastKnownFileType = text.html; path = WordListViewController.html; sourceTree = "<group>"; };
		CCA1D9901A11115F008E49AD /* WordPuzzleViewController.html */ = {isa = PBXFileReference; fileEncoding = 4; lastKnownFileType = text.html; path = WordPuzzleViewController.html; sourceTree = "<group>"; };
		CCA1D9921A11115F008E49AD /* styles.css */ = {isa = PBXFileReference; fileEncoding = 4; lastKnownFileType = text.css; path = styles.css; sourceTree = "<group>"; };
		CCA1D9931A11115F008E49AD /* stylesPrint.css */ = {isa = PBXFileReference; fileEncoding = 4; lastKnownFileType = text.css; path = stylesPrint.css; sourceTree = "<group>"; };
		CCA1D9951A11115F008E49AD /* hierarchy.html */ = {isa = PBXFileReference; fileEncoding = 4; lastKnownFileType = text.html; path = hierarchy.html; sourceTree = "<group>"; };
		CCA1D9971A11115F008E49AD /* button_bar_background.png */ = {isa = PBXFileReference; lastKnownFileType = image.png; path = button_bar_background.png; sourceTree = "<group>"; };
		CCA1D9981A11115F008E49AD /* disclosure.png */ = {isa = PBXFileReference; lastKnownFileType = image.png; path = disclosure.png; sourceTree = "<group>"; };
		CCA1D9991A11115F008E49AD /* disclosure_open.png */ = {isa = PBXFileReference; lastKnownFileType = image.png; path = disclosure_open.png; sourceTree = "<group>"; };
		CCA1D99A1A11115F008E49AD /* library_background.png */ = {isa = PBXFileReference; lastKnownFileType = image.png; path = library_background.png; sourceTree = "<group>"; };
		CCA1D99B1A11115F008E49AD /* title_background.png */ = {isa = PBXFileReference; lastKnownFileType = image.png; path = title_background.png; sourceTree = "<group>"; };
		CCA1D99C1A11115F008E49AD /* index.html */ = {isa = PBXFileReference; fileEncoding = 4; lastKnownFileType = text.html; path = index.html; sourceTree = "<group>"; };
		CCA1D99D1A11115F008E49AD /* Nodes.xml */ = {isa = PBXFileReference; fileEncoding = 4; lastKnownFileType = text.xml; path = Nodes.xml; sourceTree = "<group>"; };
		CCA1D99E1A11115F008E49AD /* Tokens1.xml */ = {isa = PBXFileReference; fileEncoding = 4; lastKnownFileType = text.xml; path = Tokens1.xml; sourceTree = "<group>"; };
		CCA1D99F1A11115F008E49AD /* Tokens10.xml */ = {isa = PBXFileReference; fileEncoding = 4; lastKnownFileType = text.xml; path = Tokens10.xml; sourceTree = "<group>"; };
		CCA1D9A01A11115F008E49AD /* Tokens11.xml */ = {isa = PBXFileReference; fileEncoding = 4; lastKnownFileType = text.xml; path = Tokens11.xml; sourceTree = "<group>"; };
		CCA1D9A11A11115F008E49AD /* Tokens12.xml */ = {isa = PBXFileReference; fileEncoding = 4; lastKnownFileType = text.xml; path = Tokens12.xml; sourceTree = "<group>"; };
		CCA1D9A21A11115F008E49AD /* Tokens13.xml */ = {isa = PBXFileReference; fileEncoding = 4; lastKnownFileType = text.xml; path = Tokens13.xml; sourceTree = "<group>"; };
		CCA1D9A31A11115F008E49AD /* Tokens2.xml */ = {isa = PBXFileReference; fileEncoding = 4; lastKnownFileType = text.xml; path = Tokens2.xml; sourceTree = "<group>"; };
		CCA1D9A41A11115F008E49AD /* Tokens3.xml */ = {isa = PBXFileReference; fileEncoding = 4; lastKnownFileType = text.xml; path = Tokens3.xml; sourceTree = "<group>"; };
		CCA1D9A51A11115F008E49AD /* Tokens4.xml */ = {isa = PBXFileReference; fileEncoding = 4; lastKnownFileType = text.xml; path = Tokens4.xml; sourceTree = "<group>"; };
		CCA1D9A61A11115F008E49AD /* Tokens5.xml */ = {isa = PBXFileReference; fileEncoding = 4; lastKnownFileType = text.xml; path = Tokens5.xml; sourceTree = "<group>"; };
		CCA1D9A71A11115F008E49AD /* Tokens6.xml */ = {isa = PBXFileReference; fileEncoding = 4; lastKnownFileType = text.xml; path = Tokens6.xml; sourceTree = "<group>"; };
		CCA1D9A81A11115F008E49AD /* Tokens7.xml */ = {isa = PBXFileReference; fileEncoding = 4; lastKnownFileType = text.xml; path = Tokens7.xml; sourceTree = "<group>"; };
		CCA1D9A91A11115F008E49AD /* Tokens8.xml */ = {isa = PBXFileReference; fileEncoding = 4; lastKnownFileType = text.xml; path = Tokens8.xml; sourceTree = "<group>"; };
		CCA1D9AA1A11115F008E49AD /* Tokens9.xml */ = {isa = PBXFileReference; fileEncoding = 4; lastKnownFileType = text.xml; path = Tokens9.xml; sourceTree = "<group>"; };
		CCA1D9AB1A11115F008E49AD /* docset-installed.txt */ = {isa = PBXFileReference; fileEncoding = 4; lastKnownFileType = text; path = "docset-installed.txt"; sourceTree = "<group>"; };
		CCA1D9AE1A11115F008E49AD /* AddMoreWordsViewController.html */ = {isa = PBXFileReference; fileEncoding = 4; lastKnownFileType = text.html; path = AddMoreWordsViewController.html; sourceTree = "<group>"; };
		CCA1D9AF1A11115F008E49AD /* AppDelegate.html */ = {isa = PBXFileReference; fileEncoding = 4; lastKnownFileType = text.html; path = AppDelegate.html; sourceTree = "<group>"; };
		CCA1D9B01A11115F008E49AD /* CoreDataTableViewController.html */ = {isa = PBXFileReference; fileEncoding = 4; lastKnownFileType = text.html; path = CoreDataTableViewController.html; sourceTree = "<group>"; };
		CCA1D9B11A11115F008E49AD /* DayInfo.html */ = {isa = PBXFileReference; fileEncoding = 4; lastKnownFileType = text.html; path = DayInfo.html; sourceTree = "<group>"; };
		CCA1D9B21A11115F008E49AD /* EditWordViewController.html */ = {isa = PBXFileReference; fileEncoding = 4; lastKnownFileType = text.html; path = EditWordViewController.html; sourceTree = "<group>"; };
		CCA1D9B31A11115F008E49AD /* ExerciseCompletedViewController.html */ = {isa = PBXFileReference; fileEncoding = 4; lastKnownFileType = text.html; path = ExerciseCompletedViewController.html; sourceTree = "<group>"; };
		CCA1D9B41A11115F008E49AD /* iLangDatabase.html */ = {isa = PBXFileReference; fileEncoding = 4; lastKnownFileType = text.html; path = iLangDatabase.html; sourceTree = "<group>"; };
		CCA1D9B51A11115F008E49AD /* iLangNavigationController.html */ = {isa = PBXFileReference; fileEncoding = 4; lastKnownFileType = text.html; path = iLangNavigationController.html; sourceTree = "<group>"; };
		CCA1D9B61A11115F008E49AD /* MainViewController.html */ = {isa = PBXFileReference; fileEncoding = 4; lastKnownFileType = text.html; path = MainViewController.html; sourceTree = "<group>"; };
		CCA1D9B71A11115F008E49AD /* Word.html */ = {isa = PBXFileReference; fileEncoding = 4; lastKnownFileType = text.html; path = Word.html; sourceTree = "<group>"; };
		CCA1D9B81A11115F008E49AD /* WordListCell.html */ = {isa = PBXFileReference; fileEncoding = 4; lastKnownFileType = text.html; path = WordListCell.html; sourceTree = "<group>"; };
		CCA1D9B91A11115F008E49AD /* WordListViewController.html */ = {isa = PBXFileReference; fileEncoding = 4; lastKnownFileType = text.html; path = WordListViewController.html; sourceTree = "<group>"; };
		CCA1D9BA1A11115F008E49AD /* WordPuzzleViewController.html */ = {isa = PBXFileReference; fileEncoding = 4; lastKnownFileType = text.html; path = WordPuzzleViewController.html; sourceTree = "<group>"; };
		CCA1D9BC1A11115F008E49AD /* styles.css */ = {isa = PBXFileReference; fileEncoding = 4; lastKnownFileType = text.css; path = styles.css; sourceTree = "<group>"; };
		CCA1D9BD1A11115F008E49AD /* stylesPrint.css */ = {isa = PBXFileReference; fileEncoding = 4; lastKnownFileType = text.css; path = stylesPrint.css; sourceTree = "<group>"; };
		CCA1D9BF1A11115F008E49AD /* hierarchy.html */ = {isa = PBXFileReference; fileEncoding = 4; lastKnownFileType = text.html; path = hierarchy.html; sourceTree = "<group>"; };
		CCA1D9C11A11115F008E49AD /* button_bar_background.png */ = {isa = PBXFileReference; lastKnownFileType = image.png; path = button_bar_background.png; sourceTree = "<group>"; };
		CCA1D9C21A11115F008E49AD /* disclosure.png */ = {isa = PBXFileReference; lastKnownFileType = image.png; path = disclosure.png; sourceTree = "<group>"; };
		CCA1D9C31A11115F008E49AD /* disclosure_open.png */ = {isa = PBXFileReference; lastKnownFileType = image.png; path = disclosure_open.png; sourceTree = "<group>"; };
		CCA1D9C41A11115F008E49AD /* library_background.png */ = {isa = PBXFileReference; lastKnownFileType = image.png; path = library_background.png; sourceTree = "<group>"; };
		CCA1D9C51A11115F008E49AD /* title_background.png */ = {isa = PBXFileReference; lastKnownFileType = image.png; path = title_background.png; sourceTree = "<group>"; };
		CCA1D9C61A11115F008E49AD /* index.html */ = {isa = PBXFileReference; fileEncoding = 4; lastKnownFileType = text.html; path = index.html; sourceTree = "<group>"; };
/* End PBXFileReference section */

/* Begin PBXFrameworksBuildPhase section */
		C521CBEB18819B2F00475F7F /* Frameworks */ = {
			isa = PBXFrameworksBuildPhase;
			buildActionMask = 2147483647;
			files = (
				C521CBF418819B2F00475F7F /* CoreGraphics.framework in Frameworks */,
				C521CBF618819B2F00475F7F /* UIKit.framework in Frameworks */,
				C521CBF218819B2F00475F7F /* Foundation.framework in Frameworks */,
			);
			runOnlyForDeploymentPostprocessing = 0;
		};
		C521CC0618819B2F00475F7F /* Frameworks */ = {
			isa = PBXFrameworksBuildPhase;
			buildActionMask = 2147483647;
			files = (
				C521CC0B18819B2F00475F7F /* XCTest.framework in Frameworks */,
				C521CC0D18819B2F00475F7F /* UIKit.framework in Frameworks */,
				C521CC0C18819B2F00475F7F /* Foundation.framework in Frameworks */,
			);
			runOnlyForDeploymentPostprocessing = 0;
		};
/* End PBXFrameworksBuildPhase section */

/* Begin PBXGroup section */
		1AB864F71A10EB0800185EC1 /* Controller */ = {
			isa = PBXGroup;
			children = (
				CCA1D9261A110F92008E49AD /* AddMoreWordsViewController.h */,
				CCA1D9271A110F92008E49AD /* AddMoreWordsViewController.m */,
				CCA1D9281A110F92008E49AD /* CoreDataTableViewController.h */,
				CCA1D9291A110F92008E49AD /* CoreDataTableViewController.m */,
				CCA1D92A1A110F92008E49AD /* EditWordViewController.h */,
				CCA1D92B1A110F92008E49AD /* EditWordViewController.m */,
				CCA1D92E1A110F92008E49AD /* iLangNavigationController.h */,
				CCA1D92F1A110F92008E49AD /* iLangNavigationController.m */,
				CCA1D9311A110F92008E49AD /* MainViewController.h */,
				CCA1D9321A110F92008E49AD /* MainViewController.m */,
				C59C16D6188A9D7C005CB4EE /* Exercises */,
				C59C7C1B18846F3A00EBD8CE /* Word List */,
			);
			name = Controller;
			sourceTree = "<group>";
		};
		1AB864F81A10EB2200185EC1 /* View */ = {
			isa = PBXGroup;
			children = (
				CCA1D91D1A110F7E008E49AD /* iLang.storyboard */,
				CCA1D91E1A110F7E008E49AD /* iPhone.storyboard */,
				CCA1D91F1A110F7E008E49AD /* WordListCell.h */,
				CCA1D9201A110F7E008E49AD /* WordListCell.m */,
				CCA1D9211A110F7E008E49AD /* WordListCell.xib */,
			);
			name = View;
			sourceTree = "<group>";
		};
		C521CBE518819B2F00475F7F = {
			isa = PBXGroup;
			children = (
				CCA1D9761A11115F008E49AD /* generated-documentation */,
				CCA1D9731A111147008E49AD /* iLang.xcdatamodeld */,
				CCA1D9651A111131008E49AD /* en.lproj */,
				C59C7C1C18846F5800EBD8CE /* Model */,
				1AB864F81A10EB2200185EC1 /* View */,
				1AB864F71A10EB0800185EC1 /* Controller */,
				C521CBF718819B2F00475F7F /* finalproject */,
				C521CC1018819B2F00475F7F /* finalprojectTests */,
				C521CBF018819B2F00475F7F /* Frameworks */,
				C521CBEF18819B2F00475F7F /* Products */,
			);
			sourceTree = "<group>";
		};
		C521CBEF18819B2F00475F7F /* Products */ = {
			isa = PBXGroup;
			children = (
				C521CBEE18819B2F00475F7F /* iLang.app */,
				C521CC0918819B2F00475F7F /* finalprojectTests.xctest */,
			);
			name = Products;
			sourceTree = "<group>";
		};
		C521CBF018819B2F00475F7F /* Frameworks */ = {
			isa = PBXGroup;
			children = (
				C521CBF118819B2F00475F7F /* Foundation.framework */,
				C521CBF318819B2F00475F7F /* CoreGraphics.framework */,
				C521CBF518819B2F00475F7F /* UIKit.framework */,
				C521CC0A18819B2F00475F7F /* XCTest.framework */,
			);
			name = Frameworks;
			sourceTree = "<group>";
		};
		C521CBF718819B2F00475F7F /* finalproject */ = {
			isa = PBXGroup;
			children = (
				C5826F5A18888F51008F9B8C /* finalproject.entitlements */,
				C521CC0318819B2F00475F7F /* Images.xcassets */,
				C521CBF818819B2F00475F7F /* Supporting Files */,
			);
			path = finalproject;
			sourceTree = "<group>";
		};
		C521CBF818819B2F00475F7F /* Supporting Files */ = {
			isa = PBXGroup;
			children = (
				CC8325D51A113207008BEB5E /* finalproject-Info.plist */,
				CC8325D31A1131F7008BEB5E /* main.m */,
				C521CBFA18819B2F00475F7F /* InfoPlist.strings */,
				CC8325D01A112F90008BEB5E /* finalproject-Prefix.pch */,
			);
			name = "Supporting Files";
			sourceTree = "<group>";
		};
		C521CC1018819B2F00475F7F /* finalprojectTests */ = {
			isa = PBXGroup;
			children = (
				C521CC1618819B2F00475F7F /* finalprojectTests.m */,
				C521CC1118819B2F00475F7F /* Supporting Files */,
			);
			path = finalprojectTests;
			sourceTree = "<group>";
		};
		C521CC1118819B2F00475F7F /* Supporting Files */ = {
			isa = PBXGroup;
			children = (
				CC8325D11A113122008BEB5E /* finalprojectTests-Info.plist */,
			);
			name = "Supporting Files";
			sourceTree = "<group>";
		};
		C59C16D6188A9D7C005CB4EE /* Exercises */ = {
			isa = PBXGroup;
			children = (
				CCA1D9371A110F92008E49AD /* WordPuzzleViewController.h */,
				CCA1D9381A110F92008E49AD /* WordPuzzleViewController.m */,
				CCA1D92C1A110F92008E49AD /* ExerciseCompletedViewController.h */,
				CCA1D92D1A110F92008E49AD /* ExerciseCompletedViewController.m */,
				CCA1D9331A110F92008E49AD /* MatchWordsViewController.h */,
				CCA1D9341A110F92008E49AD /* MatchWordsViewController.m */,
			);
			name = Exercises;
			path = finalproject;
			sourceTree = "<group>";
		};
		C59C7C1B18846F3A00EBD8CE /* Word List */ = {
			isa = PBXGroup;
			children = (
				CCA1D9351A110F92008E49AD /* WordListViewController.h */,
				CCA1D9361A110F92008E49AD /* WordListViewController.m */,
			);
			name = "Word List";
			path = finalproject;
			sourceTree = "<group>";
		};
		C59C7C1C18846F5800EBD8CE /* Model */ = {
			isa = PBXGroup;
			children = (
				CCA1D9441A11110A008E49AD /* iLang.xcdatamodeld */,
				CCA1D90C1A110F6D008E49AD /* AppDelegate.h */,
				CCA1D90D1A110F6D008E49AD /* AppDelegate.m */,
				CCA1D90E1A110F6D008E49AD /* DayInfo.h */,
				CCA1D90F1A110F6D008E49AD /* DayInfo.m */,
				CCA1D9101A110F6D008E49AD /* iLangDatabase.h */,
				CCA1D9111A110F6D008E49AD /* iLangDatabase.m */,
				CCA1D9121A110F6D008E49AD /* InitialWordList.plist */,
				CCA1D9131A110F6D008E49AD /* Word.h */,
				CCA1D9141A110F6D008E49AD /* Word.m */,
				CCA1D9151A110F6D008E49AD /* Word+Util.h */,
				CCA1D9161A110F6D008E49AD /* Word+Util.m */,
			);
			name = Model;
			path = finalproject;
			sourceTree = "<group>";
		};
		CCA1D9651A111131008E49AD /* en.lproj */ = {
			isa = PBXGroup;
			children = (
				CCA1D96A1A111131008E49AD /* InfoPlist.strings */,
				CCA1D96C1A111131008E49AD /* readme.markdown */,
				CCA1D96E1A111131008E49AD /* Readme.txt */,
			);
			name = en.lproj;
			path = finalproject/en.lproj;
			sourceTree = "<group>";
		};
		CCA1D9761A11115F008E49AD /* generated-documentation */ = {
			isa = PBXGroup;
			children = (
				CCA1D9771A11115F008E49AD /* docset */,
				CCA1D9AB1A11115F008E49AD /* docset-installed.txt */,
				CCA1D9AC1A11115F008E49AD /* html */,
			);
			name = "generated-documentation";
			path = "../generated-documentation";
			sourceTree = "<group>";
		};
		CCA1D9771A11115F008E49AD /* docset */ = {
			isa = PBXGroup;
			children = (
				CCA1D9781A11115F008E49AD /* Contents */,
			);
			path = docset;
			sourceTree = "<group>";
		};
		CCA1D9781A11115F008E49AD /* Contents */ = {
			isa = PBXGroup;
			children = (
				CCA1D9791A11115F008E49AD /* Info.plist */,
				CCA1D97A1A11115F008E49AD /* Resources */,
			);
			path = Contents;
			sourceTree = "<group>";
		};
		CCA1D97A1A11115F008E49AD /* Resources */ = {
			isa = PBXGroup;
			children = (
				CCA1D97B1A11115F008E49AD /* docSet.dsidx */,
				CCA1D97C1A11115F008E49AD /* docSet.dsidx-shm */,
				CCA1D97D1A11115F008E49AD /* docSet.dsidx-wal */,
				CCA1D97E1A11115F008E49AD /* docSet.mom */,
				CCA1D97F1A11115F008E49AD /* docSet.skidx */,
				CCA1D9801A11115F008E49AD /* docSet.toc */,
				CCA1D9811A11115F008E49AD /* docSet.tokencache */,
				CCA1D9821A11115F008E49AD /* Documents */,
				CCA1D99D1A11115F008E49AD /* Nodes.xml */,
				CCA1D99E1A11115F008E49AD /* Tokens1.xml */,
				CCA1D99F1A11115F008E49AD /* Tokens10.xml */,
				CCA1D9A01A11115F008E49AD /* Tokens11.xml */,
				CCA1D9A11A11115F008E49AD /* Tokens12.xml */,
				CCA1D9A21A11115F008E49AD /* Tokens13.xml */,
				CCA1D9A31A11115F008E49AD /* Tokens2.xml */,
				CCA1D9A41A11115F008E49AD /* Tokens3.xml */,
				CCA1D9A51A11115F008E49AD /* Tokens4.xml */,
				CCA1D9A61A11115F008E49AD /* Tokens5.xml */,
				CCA1D9A71A11115F008E49AD /* Tokens6.xml */,
				CCA1D9A81A11115F008E49AD /* Tokens7.xml */,
				CCA1D9A91A11115F008E49AD /* Tokens8.xml */,
				CCA1D9AA1A11115F008E49AD /* Tokens9.xml */,
			);
			path = Resources;
			sourceTree = "<group>";
		};
		CCA1D9821A11115F008E49AD /* Documents */ = {
			isa = PBXGroup;
			children = (
				CCA1D9831A11115F008E49AD /* Classes */,
				CCA1D9911A11115F008E49AD /* css */,
				CCA1D9941A11115F008E49AD /* docs */,
				CCA1D9951A11115F008E49AD /* hierarchy.html */,
				CCA1D9961A11115F008E49AD /* img */,
				CCA1D99C1A11115F008E49AD /* index.html */,
			);
			path = Documents;
			sourceTree = "<group>";
		};
		CCA1D9831A11115F008E49AD /* Classes */ = {
			isa = PBXGroup;
			children = (
				CCA1D9841A11115F008E49AD /* AddMoreWordsViewController.html */,
				CCA1D9851A11115F008E49AD /* AppDelegate.html */,
				CCA1D9861A11115F008E49AD /* CoreDataTableViewController.html */,
				CCA1D9871A11115F008E49AD /* DayInfo.html */,
				CCA1D9881A11115F008E49AD /* EditWordViewController.html */,
				CCA1D9891A11115F008E49AD /* ExerciseCompletedViewController.html */,
				CCA1D98A1A11115F008E49AD /* iLangDatabase.html */,
				CCA1D98B1A11115F008E49AD /* iLangNavigationController.html */,
				CCA1D98C1A11115F008E49AD /* MainViewController.html */,
				CCA1D98D1A11115F008E49AD /* Word.html */,
				CCA1D98E1A11115F008E49AD /* WordListCell.html */,
				CCA1D98F1A11115F008E49AD /* WordListViewController.html */,
				CCA1D9901A11115F008E49AD /* WordPuzzleViewController.html */,
			);
			path = Classes;
			sourceTree = "<group>";
		};
		CCA1D9911A11115F008E49AD /* css */ = {
			isa = PBXGroup;
			children = (
				CCA1D9921A11115F008E49AD /* styles.css */,
				CCA1D9931A11115F008E49AD /* stylesPrint.css */,
			);
			path = css;
			sourceTree = "<group>";
		};
		CCA1D9941A11115F008E49AD /* docs */ = {
			isa = PBXGroup;
			children = (
			);
			path = docs;
			sourceTree = "<group>";
		};
		CCA1D9961A11115F008E49AD /* img */ = {
			isa = PBXGroup;
			children = (
				CCA1D9971A11115F008E49AD /* button_bar_background.png */,
				CCA1D9981A11115F008E49AD /* disclosure.png */,
				CCA1D9991A11115F008E49AD /* disclosure_open.png */,
				CCA1D99A1A11115F008E49AD /* library_background.png */,
				CCA1D99B1A11115F008E49AD /* title_background.png */,
			);
			path = img;
			sourceTree = "<group>";
		};
		CCA1D9AC1A11115F008E49AD /* html */ = {
			isa = PBXGroup;
			children = (
				CCA1D9AD1A11115F008E49AD /* Classes */,
				CCA1D9BB1A11115F008E49AD /* css */,
				CCA1D9BE1A11115F008E49AD /* docs */,
				CCA1D9BF1A11115F008E49AD /* hierarchy.html */,
				CCA1D9C01A11115F008E49AD /* img */,
				CCA1D9C61A11115F008E49AD /* index.html */,
			);
			path = html;
			sourceTree = "<group>";
		};
		CCA1D9AD1A11115F008E49AD /* Classes */ = {
			isa = PBXGroup;
			children = (
				CCA1D9AE1A11115F008E49AD /* AddMoreWordsViewController.html */,
				CCA1D9AF1A11115F008E49AD /* AppDelegate.html */,
				CCA1D9B01A11115F008E49AD /* CoreDataTableViewController.html */,
				CCA1D9B11A11115F008E49AD /* DayInfo.html */,
				CCA1D9B21A11115F008E49AD /* EditWordViewController.html */,
				CCA1D9B31A11115F008E49AD /* ExerciseCompletedViewController.html */,
				CCA1D9B41A11115F008E49AD /* iLangDatabase.html */,
				CCA1D9B51A11115F008E49AD /* iLangNavigationController.html */,
				CCA1D9B61A11115F008E49AD /* MainViewController.html */,
				CCA1D9B71A11115F008E49AD /* Word.html */,
				CCA1D9B81A11115F008E49AD /* WordListCell.html */,
				CCA1D9B91A11115F008E49AD /* WordListViewController.html */,
				CCA1D9BA1A11115F008E49AD /* WordPuzzleViewController.html */,
			);
			path = Classes;
			sourceTree = "<group>";
		};
		CCA1D9BB1A11115F008E49AD /* css */ = {
			isa = PBXGroup;
			children = (
				CCA1D9BC1A11115F008E49AD /* styles.css */,
				CCA1D9BD1A11115F008E49AD /* stylesPrint.css */,
			);
			path = css;
			sourceTree = "<group>";
		};
		CCA1D9BE1A11115F008E49AD /* docs */ = {
			isa = PBXGroup;
			children = (
			);
			path = docs;
			sourceTree = "<group>";
		};
		CCA1D9C01A11115F008E49AD /* img */ = {
			isa = PBXGroup;
			children = (
				CCA1D9C11A11115F008E49AD /* button_bar_background.png */,
				CCA1D9C21A11115F008E49AD /* disclosure.png */,
				CCA1D9C31A11115F008E49AD /* disclosure_open.png */,
				CCA1D9C41A11115F008E49AD /* library_background.png */,
				CCA1D9C51A11115F008E49AD /* title_background.png */,
			);
			path = img;
			sourceTree = "<group>";
		};
/* End PBXGroup section */

/* Begin PBXNativeTarget section */
		C521CBED18819B2F00475F7F /* finalproject */ = {
			isa = PBXNativeTarget;
			buildConfigurationList = C521CC1A18819B2F00475F7F /* Build configuration list for PBXNativeTarget "finalproject" */;
			buildPhases = (
				C521CBEA18819B2F00475F7F /* Sources */,
				C521CBEB18819B2F00475F7F /* Frameworks */,
				C521CBEC18819B2F00475F7F /* Resources */,
			);
			buildRules = (
			);
			dependencies = (
			);
			name = finalproject;
			productName = finalproject;
			productReference = C521CBEE18819B2F00475F7F /* iLang.app */;
			productType = "com.apple.product-type.application";
		};
		C521CC0818819B2F00475F7F /* finalprojectTests */ = {
			isa = PBXNativeTarget;
			buildConfigurationList = C521CC1D18819B2F00475F7F /* Build configuration list for PBXNativeTarget "finalprojectTests" */;
			buildPhases = (
				C521CC0518819B2F00475F7F /* Sources */,
				C521CC0618819B2F00475F7F /* Frameworks */,
				C521CC0718819B2F00475F7F /* Resources */,
			);
			buildRules = (
			);
			dependencies = (
				C521CC0F18819B2F00475F7F /* PBXTargetDependency */,
			);
			name = finalprojectTests;
			productName = finalprojectTests;
			productReference = C521CC0918819B2F00475F7F /* finalprojectTests.xctest */;
			productType = "com.apple.product-type.bundle.unit-test";
		};
/* End PBXNativeTarget section */

/* Begin PBXProject section */
		C521CBE618819B2F00475F7F /* Project object */ = {
			isa = PBXProject;
			attributes = {
				LastUpgradeCheck = 0500;
				ORGANIZATIONNAME = "Jahangir Rostamzad";
				TargetAttributes = {
					C521CBED18819B2F00475F7F = {
						DevelopmentTeam = 65V86286Z3;
						SystemCapabilities = {
							com.apple.iCloud = {
								enabled = 1;
							};
						};
					};
					C521CC0818819B2F00475F7F = {
						TestTargetID = C521CBED18819B2F00475F7F;
					};
				};
			};
			buildConfigurationList = C521CBE918819B2F00475F7F /* Build configuration list for PBXProject "finalproject" */;
			compatibilityVersion = "Xcode 3.2";
			developmentRegion = English;
			hasScannedForEncodings = 0;
			knownRegions = (
				en,
			);
			mainGroup = C521CBE518819B2F00475F7F;
			productRefGroup = C521CBEF18819B2F00475F7F /* Products */;
			projectDirPath = "";
			projectRoot = "";
			targets = (
				C521CBED18819B2F00475F7F /* finalproject */,
				C521CC0818819B2F00475F7F /* finalprojectTests */,
				C5198E4718A638FB00EA38C3 /* Documentation */,
			);
		};
/* End PBXProject section */

/* Begin PBXResourcesBuildPhase section */
		C521CBEC18819B2F00475F7F /* Resources */ = {
			isa = PBXResourcesBuildPhase;
			buildActionMask = 2147483647;
			files = (
				CCA1D9E21A11115F008E49AD /* library_background.png in Resources */,
				CCA1D9D91A11115F008E49AD /* WordListCell.html in Resources */,
				CCA1DA061A11115F008E49AD /* disclosure_open.png in Resources */,
				CCA1D9D01A11115F008E49AD /* AppDelegate.html in Resources */,
				CCA1D9F91A11115F008E49AD /* ExerciseCompletedViewController.html in Resources */,
				CCA1D9E41A11115F008E49AD /* index.html in Resources */,
				CCA1D9CD1A11115F008E49AD /* docSet.toc in Resources */,
				CCA1DA051A11115F008E49AD /* disclosure.png in Resources */,
				CCA1D9FA1A11115F008E49AD /* iLangDatabase.html in Resources */,
				CCA1DA001A11115F008E49AD /* WordPuzzleViewController.html in Resources */,
				CCA1D9F31A11115F008E49AD /* docset-installed.txt in Resources */,
				CCA1D9FD1A11115F008E49AD /* Word.html in Resources */,
				C521CBFC18819B2F00475F7F /* InfoPlist.strings in Resources */,
				CCA1D9FC1A11115F008E49AD /* MainViewController.html in Resources */,
				CCA1DA041A11115F008E49AD /* button_bar_background.png in Resources */,
				CC8325D61A113207008BEB5E /* finalproject-Info.plist in Resources */,
				CCA1D9F01A11115F008E49AD /* Tokens7.xml in Resources */,
				CCA1D9E91A11115F008E49AD /* Tokens12.xml in Resources */,
				CCA1DA091A11115F008E49AD /* index.html in Resources */,
				CCA1D9E11A11115F008E49AD /* disclosure_open.png in Resources */,
				CCA1D9CE1A11115F008E49AD /* docSet.tokencache in Resources */,
				CCA1D9711A111131008E49AD /* InfoPlist.strings in Resources */,
				C521CC0418819B2F00475F7F /* Images.xcassets in Resources */,
				CCA1DA031A11115F008E49AD /* hierarchy.html in Resources */,
				CCA1D9DE1A11115F008E49AD /* hierarchy.html in Resources */,
				CCA1D9E81A11115F008E49AD /* Tokens11.xml in Resources */,
				CCA1D9CA1A11115F008E49AD /* docSet.dsidx-wal in Resources */,
				CCA1D9F81A11115F008E49AD /* EditWordViewController.html in Resources */,
				CCA1D9D31A11115F008E49AD /* EditWordViewController.html in Resources */,
				CCA1DA021A11115F008E49AD /* stylesPrint.css in Resources */,
				CCA1D9FF1A11115F008E49AD /* WordListViewController.html in Resources */,
				CCA1D9CC1A11115F008E49AD /* docSet.skidx in Resources */,
				CCA1D9FE1A11115F008E49AD /* WordListCell.html in Resources */,
				CCA1D9221A110F7E008E49AD /* iLang.storyboard in Resources */,
				CCA1D9ED1A11115F008E49AD /* Tokens4.xml in Resources */,
				CCA1D9E71A11115F008E49AD /* Tokens10.xml in Resources */,
				CCA1D9D11A11115F008E49AD /* CoreDataTableViewController.html in Resources */,
				CCA1D9E51A11115F008E49AD /* Nodes.xml in Resources */,
				CCA1DA071A11115F008E49AD /* library_background.png in Resources */,
				CCA1D91A1A110F6D008E49AD /* InitialWordList.plist in Resources */,
				CCA1D9F41A11115F008E49AD /* AddMoreWordsViewController.html in Resources */,
				CCA1D9EA1A11115F008E49AD /* Tokens13.xml in Resources */,
				CCA1D9E01A11115F008E49AD /* disclosure.png in Resources */,
				CCA1D9CF1A11115F008E49AD /* AddMoreWordsViewController.html in Resources */,
				CCA1D9EC1A11115F008E49AD /* Tokens3.xml in Resources */,
				CCA1D9CB1A11115F008E49AD /* docSet.mom in Resources */,
				CCA1D9DC1A11115F008E49AD /* styles.css in Resources */,
				CCA1D9721A111131008E49AD /* Readme.txt in Resources */,
				CCA1DA011A11115F008E49AD /* styles.css in Resources */,
				CCA1D9EB1A11115F008E49AD /* Tokens2.xml in Resources */,
				CCA1D9231A110F7E008E49AD /* iPhone.storyboard in Resources */,
				CCA1D9D41A11115F008E49AD /* ExerciseCompletedViewController.html in Resources */,
				CCA1D9E31A11115F008E49AD /* title_background.png in Resources */,
				CCA1D9FB1A11115F008E49AD /* iLangNavigationController.html in Resources */,
				CCA1D9F61A11115F008E49AD /* CoreDataTableViewController.html in Resources */,
				CCA1D9DB1A11115F008E49AD /* WordPuzzleViewController.html in Resources */,
				CCA1D9D71A11115F008E49AD /* MainViewController.html in Resources */,
				CCA1D9C71A11115F008E49AD /* Info.plist in Resources */,
				CCA1D9F11A11115F008E49AD /* Tokens8.xml in Resources */,
				CCA1D9DD1A11115F008E49AD /* stylesPrint.css in Resources */,
				CCA1D9F21A11115F008E49AD /* Tokens9.xml in Resources */,
				CCA1D9D81A11115F008E49AD /* Word.html in Resources */,
				CCA1D9E61A11115F008E49AD /* Tokens1.xml in Resources */,
				CCA1D9EE1A11115F008E49AD /* Tokens5.xml in Resources */,
				CCA1D9C91A11115F008E49AD /* docSet.dsidx-shm in Resources */,
				CCA1D9EF1A11115F008E49AD /* Tokens6.xml in Resources */,
				CCA1D9D61A11115F008E49AD /* iLangNavigationController.html in Resources */,
				CCA1D9D21A11115F008E49AD /* DayInfo.html in Resources */,
				CCA1D9DF1A11115F008E49AD /* button_bar_background.png in Resources */,
				CCA1D9D51A11115F008E49AD /* iLangDatabase.html in Resources */,
				CCA1D9C81A11115F008E49AD /* docSet.dsidx in Resources */,
				CCA1D9DA1A11115F008E49AD /* WordListViewController.html in Resources */,
				CCA1DA081A11115F008E49AD /* title_background.png in Resources */,
				CCA1D9251A110F7E008E49AD /* WordListCell.xib in Resources */,
				CCA1D9F51A11115F008E49AD /* AppDelegate.html in Resources */,
				CCA1D9F71A11115F008E49AD /* DayInfo.html in Resources */,
			);
			runOnlyForDeploymentPostprocessing = 0;
		};
		C521CC0718819B2F00475F7F /* Resources */ = {
			isa = PBXResourcesBuildPhase;
			buildActionMask = 2147483647;
			files = (
				CC8325D21A113122008BEB5E /* finalprojectTests-Info.plist in Resources */,
			);
			runOnlyForDeploymentPostprocessing = 0;
		};
/* End PBXResourcesBuildPhase section */

/* Begin PBXShellScriptBuildPhase section */
		C5198E4B18A6396100EA38C3 /* ShellScript */ = {
			isa = PBXShellScriptBuildPhase;
			buildActionMask = 2147483647;
			files = (
			);
			inputPaths = (
			);
			outputPaths = (
			);
			runOnlyForDeploymentPostprocessing = 0;
			shellPath = /bin/sh;
			shellScript = "/usr/local/bin/appledoc \\\n--project-name \"${PROJECT_NAME}\" \\\n--project-company \"Jahan\" \\\n--company-id \"org.jahan\" \\\n--output \"~/Projects/Help/${PROJECT_NAME}\" \\\n--install-docset \\\n--logformat xcode \\\n--keep-undocumented-objects \\\n--keep-undocumented-members \\\n--keep-intermediate-files \\\n--no-repeat-first-par \\\n--no-warn-invalid-crossref \\\n--merge-categories \\\n--exit-threshold 2 \\\n--docset-platform-family iphoneos \\\n--ignore \"*.m\" \\\n--include \"${PROJECT_DIR}/${PROJECT_NAME}/Documentation/Images\" \\\n--ignore \"LoadableCategory.h\" \\\n--index-desc \"${PROJECT_DIR}/finalproject/readme.markdown\" \\\n\"${PROJECT_DIR}/${PROJECT_NAME}\"";
		};
/* End PBXShellScriptBuildPhase section */

/* Begin PBXSourcesBuildPhase section */
		C521CBEA18819B2F00475F7F /* Sources */ = {
			isa = PBXSourcesBuildPhase;
			buildActionMask = 2147483647;
			files = (
				CCA1D9401A110F92008E49AD /* MatchWordsViewController.m in Sources */,
				CCA1D93D1A110F92008E49AD /* iLangNavigationController.m in Sources */,
				CCA1D9241A110F7E008E49AD /* WordListCell.m in Sources */,
				CCA1D9191A110F6D008E49AD /* iLangDatabase.m in Sources */,
				CCA1D93C1A110F92008E49AD /* ExerciseCompletedViewController.m in Sources */,
				CCA1D93A1A110F92008E49AD /* CoreDataTableViewController.m in Sources */,
				CCA1D9181A110F6D008E49AD /* DayInfo.m in Sources */,
				CCA1D9751A111147008E49AD /* iLang.xcdatamodeld in Sources */,
				CCA1D9391A110F92008E49AD /* AddMoreWordsViewController.m in Sources */,
				CCA1D9171A110F6D008E49AD /* AppDelegate.m in Sources */,
				CCA1D91C1A110F6D008E49AD /* Word+Util.m in Sources */,
				CCA1D9411A110F92008E49AD /* WordListViewController.m in Sources */,
				CCA1D93B1A110F92008E49AD /* EditWordViewController.m in Sources */,
				CCA1D9421A110F92008E49AD /* WordPuzzleViewController.m in Sources */,
				CCA1D9461A11110A008E49AD /* iLang.xcdatamodeld in Sources */,
				CCA1D93F1A110F92008E49AD /* MainViewController.m in Sources */,
				CC8325D41A1131F7008BEB5E /* main.m in Sources */,
				CCA1D91B1A110F6D008E49AD /* Word.m in Sources */,
			);
			runOnlyForDeploymentPostprocessing = 0;
		};
		C521CC0518819B2F00475F7F /* Sources */ = {
			isa = PBXSourcesBuildPhase;
			buildActionMask = 2147483647;
			files = (
				C521CC1718819B2F00475F7F /* finalprojectTests.m in Sources */,
			);
			runOnlyForDeploymentPostprocessing = 0;
		};
/* End PBXSourcesBuildPhase section */

/* Begin PBXTargetDependency section */
		C521CC0F18819B2F00475F7F /* PBXTargetDependency */ = {
			isa = PBXTargetDependency;
			target = C521CBED18819B2F00475F7F /* finalproject */;
			targetProxy = C521CC0E18819B2F00475F7F /* PBXContainerItemProxy */;
		};
/* End PBXTargetDependency section */

/* Begin PBXVariantGroup section */
		C521CBFA18819B2F00475F7F /* InfoPlist.strings */ = {
			isa = PBXVariantGroup;
			children = (
				C521CBFB18819B2F00475F7F /* en */,
			);
			name = InfoPlist.strings;
			sourceTree = "<group>";
		};
		CCA1D96A1A111131008E49AD /* InfoPlist.strings */ = {
			isa = PBXVariantGroup;
			children = (
				CCA1D96B1A111131008E49AD /* en */,
			);
			name = InfoPlist.strings;
			sourceTree = "<group>";
		};
		CCA1D96C1A111131008E49AD /* readme.markdown */ = {
			isa = PBXVariantGroup;
			children = (
				CCA1D96D1A111131008E49AD /* en */,
			);
			name = readme.markdown;
			sourceTree = "<group>";
		};
		CCA1D96E1A111131008E49AD /* Readme.txt */ = {
			isa = PBXVariantGroup;
			children = (
				CCA1D96F1A111131008E49AD /* en */,
			);
			name = Readme.txt;
			sourceTree = "<group>";
		};
/* End PBXVariantGroup section */

/* Begin XCBuildConfiguration section */
		C5198E4818A638FB00EA38C3 /* Debug */ = {
			isa = XCBuildConfiguration;
			buildSettings = {
				PRODUCT_NAME = "$(TARGET_NAME)";
			};
			name = Debug;
		};
		C5198E4918A638FB00EA38C3 /* Release */ = {
			isa = XCBuildConfiguration;
			buildSettings = {
				PRODUCT_NAME = "$(TARGET_NAME)";
			};
			name = Release;
		};
		C521CC1818819B2F00475F7F /* Debug */ = {
			isa = XCBuildConfiguration;
			buildSettings = {
				ALWAYS_SEARCH_USER_PATHS = NO;
				ARCHS = "$(ARCHS_STANDARD_INCLUDING_64_BIT)";
				CLANG_CXX_LANGUAGE_STANDARD = "gnu++0x";
				CLANG_CXX_LIBRARY = "libc++";
				CLANG_ENABLE_MODULES = YES;
				CLANG_ENABLE_OBJC_ARC = YES;
				CLANG_WARN_BOOL_CONVERSION = YES;
				CLANG_WARN_CONSTANT_CONVERSION = YES;
				CLANG_WARN_DIRECT_OBJC_ISA_USAGE = YES_ERROR;
				CLANG_WARN_EMPTY_BODY = YES;
				CLANG_WARN_ENUM_CONVERSION = YES;
				CLANG_WARN_INT_CONVERSION = YES;
				CLANG_WARN_OBJC_ROOT_CLASS = YES_ERROR;
				CLANG_WARN__DUPLICATE_METHOD_MATCH = YES;
				"CODE_SIGN_IDENTITY[sdk=iphoneos*]" = "iPhone Developer";
				COPY_PHASE_STRIP = NO;
				GCC_C_LANGUAGE_STANDARD = gnu99;
				GCC_DYNAMIC_NO_PIC = NO;
				GCC_OPTIMIZATION_LEVEL = 0;
				GCC_PREPROCESSOR_DEFINITIONS = (
					"DEBUG=1",
					"$(inherited)",
				);
				GCC_SYMBOLS_PRIVATE_EXTERN = NO;
				GCC_WARN_64_TO_32_BIT_CONVERSION = YES;
				GCC_WARN_ABOUT_RETURN_TYPE = YES_ERROR;
				GCC_WARN_UNDECLARED_SELECTOR = YES;
				GCC_WARN_UNINITIALIZED_AUTOS = YES;
				GCC_WARN_UNUSED_FUNCTION = YES;
				GCC_WARN_UNUSED_VARIABLE = YES;
				IPHONEOS_DEPLOYMENT_TARGET = 7.0;
				ONLY_ACTIVE_ARCH = YES;
				SDKROOT = iphoneos;
				TARGETED_DEVICE_FAMILY = "1,2";
			};
			name = Debug;
		};
		C521CC1918819B2F00475F7F /* Release */ = {
			isa = XCBuildConfiguration;
			buildSettings = {
				ALWAYS_SEARCH_USER_PATHS = NO;
				ARCHS = "$(ARCHS_STANDARD_INCLUDING_64_BIT)";
				CLANG_CXX_LANGUAGE_STANDARD = "gnu++0x";
				CLANG_CXX_LIBRARY = "libc++";
				CLANG_ENABLE_MODULES = YES;
				CLANG_ENABLE_OBJC_ARC = YES;
				CLANG_WARN_BOOL_CONVERSION = YES;
				CLANG_WARN_CONSTANT_CONVERSION = YES;
				CLANG_WARN_DIRECT_OBJC_ISA_USAGE = YES_ERROR;
				CLANG_WARN_EMPTY_BODY = YES;
				CLANG_WARN_ENUM_CONVERSION = YES;
				CLANG_WARN_INT_CONVERSION = YES;
				CLANG_WARN_OBJC_ROOT_CLASS = YES_ERROR;
				CLANG_WARN__DUPLICATE_METHOD_MATCH = YES;
				"CODE_SIGN_IDENTITY[sdk=iphoneos*]" = "iPhone Developer";
				COPY_PHASE_STRIP = YES;
				ENABLE_NS_ASSERTIONS = NO;
				GCC_C_LANGUAGE_STANDARD = gnu99;
				GCC_WARN_64_TO_32_BIT_CONVERSION = YES;
				GCC_WARN_ABOUT_RETURN_TYPE = YES_ERROR;
				GCC_WARN_UNDECLARED_SELECTOR = YES;
				GCC_WARN_UNINITIALIZED_AUTOS = YES;
				GCC_WARN_UNUSED_FUNCTION = YES;
				GCC_WARN_UNUSED_VARIABLE = YES;
				IPHONEOS_DEPLOYMENT_TARGET = 7.0;
				SDKROOT = iphoneos;
				TARGETED_DEVICE_FAMILY = "1,2";
				VALIDATE_PRODUCT = YES;
			};
			name = Release;
		};
		C521CC1B18819B2F00475F7F /* Debug */ = {
			isa = XCBuildConfiguration;
			buildSettings = {
				ASSETCATALOG_COMPILER_APPICON_NAME = AppIcon;
				ASSETCATALOG_COMPILER_LAUNCHIMAGE_NAME = LaunchImage;
				CODE_SIGN_ENTITLEMENTS = finalproject/finalproject.entitlements;
				CODE_SIGN_IDENTITY = "iPhone Developer";
				"CODE_SIGN_IDENTITY[sdk=iphoneos*]" = "iPhone Developer";
				GCC_PRECOMPILE_PREFIX_HEADER = YES;
				GCC_PREFIX_HEADER = "finalproject/finalproject-Prefix.pch";
				INFOPLIST_FILE = "finalproject/finalproject-Info.plist";
				PRODUCT_NAME = iLang;
				PROVISIONING_PROFILE = "";
				TARGETED_DEVICE_FAMILY = "1,2";
				WRAPPER_EXTENSION = app;
			};
			name = Debug;
		};
		C521CC1C18819B2F00475F7F /* Release */ = {
			isa = XCBuildConfiguration;
			buildSettings = {
				ASSETCATALOG_COMPILER_APPICON_NAME = AppIcon;
				ASSETCATALOG_COMPILER_LAUNCHIMAGE_NAME = LaunchImage;
				CODE_SIGN_ENTITLEMENTS = finalproject/finalproject.entitlements;
				CODE_SIGN_IDENTITY = "iPhone Developer";
				"CODE_SIGN_IDENTITY[sdk=iphoneos*]" = "iPhone Developer";
				GCC_PRECOMPILE_PREFIX_HEADER = YES;
				GCC_PREFIX_HEADER = "finalproject/finalproject-Prefix.pch";
				INFOPLIST_FILE = "finalproject/finalproject-Info.plist";
				PRODUCT_NAME = iLang;
				PROVISIONING_PROFILE = "";
				TARGETED_DEVICE_FAMILY = "1,2";
				WRAPPER_EXTENSION = app;
			};
			name = Release;
		};
		C521CC1E18819B2F00475F7F /* Debug */ = {
			isa = XCBuildConfiguration;
			buildSettings = {
				ARCHS = "$(ARCHS_STANDARD_INCLUDING_64_BIT)";
				BUNDLE_LOADER = "$(BUILT_PRODUCTS_DIR)/iLang.app/iLang";
				FRAMEWORK_SEARCH_PATHS = (
					"$(SDKROOT)/Developer/Library/Frameworks",
					"$(inherited)",
					"$(DEVELOPER_FRAMEWORKS_DIR)",
				);
				GCC_PRECOMPILE_PREFIX_HEADER = YES;
				GCC_PREFIX_HEADER = "finalproject/finalproject-Prefix.pch";
				GCC_PREPROCESSOR_DEFINITIONS = (
					"DEBUG=1",
					"$(inherited)",
				);
				INFOPLIST_FILE = "finalprojectTests/finalprojectTests-Info.plist";
				PRODUCT_NAME = "$(TARGET_NAME)";
				TEST_HOST = "$(BUNDLE_LOADER)";
				WRAPPER_EXTENSION = xctest;
			};
			name = Debug;
		};
		C521CC1F18819B2F00475F7F /* Release */ = {
			isa = XCBuildConfiguration;
			buildSettings = {
				ARCHS = "$(ARCHS_STANDARD_INCLUDING_64_BIT)";
				BUNDLE_LOADER = "$(BUILT_PRODUCTS_DIR)/iLang.app/iLang";
				FRAMEWORK_SEARCH_PATHS = (
					"$(SDKROOT)/Developer/Library/Frameworks",
					"$(inherited)",
					"$(DEVELOPER_FRAMEWORKS_DIR)",
				);
				GCC_PRECOMPILE_PREFIX_HEADER = YES;
				GCC_PREFIX_HEADER = "finalproject/finalproject-Prefix.pch";
				INFOPLIST_FILE = "finalprojectTests/finalprojectTests-Info.plist";
				PRODUCT_NAME = "$(TARGET_NAME)";
				TEST_HOST = "$(BUNDLE_LOADER)";
				WRAPPER_EXTENSION = xctest;
			};
			name = Release;
		};
/* End XCBuildConfiguration section */

/* Begin XCConfigurationList section */
		C5198E4A18A638FB00EA38C3 /* Build configuration list for PBXAggregateTarget "Documentation" */ = {
			isa = XCConfigurationList;
			buildConfigurations = (
				C5198E4818A638FB00EA38C3 /* Debug */,
				C5198E4918A638FB00EA38C3 /* Release */,
			);
			defaultConfigurationIsVisible = 0;
			defaultConfigurationName = Release;
		};
		C521CBE918819B2F00475F7F /* Build configuration list for PBXProject "finalproject" */ = {
			isa = XCConfigurationList;
			buildConfigurations = (
				C521CC1818819B2F00475F7F /* Debug */,
				C521CC1918819B2F00475F7F /* Release */,
			);
			defaultConfigurationIsVisible = 0;
			defaultConfigurationName = Release;
		};
		C521CC1A18819B2F00475F7F /* Build configuration list for PBXNativeTarget "finalproject" */ = {
			isa = XCConfigurationList;
			buildConfigurations = (
				C521CC1B18819B2F00475F7F /* Debug */,
				C521CC1C18819B2F00475F7F /* Release */,
			);
			defaultConfigurationIsVisible = 0;
			defaultConfigurationName = Release;
		};
		C521CC1D18819B2F00475F7F /* Build configuration list for PBXNativeTarget "finalprojectTests" */ = {
			isa = XCConfigurationList;
			buildConfigurations = (
				C521CC1E18819B2F00475F7F /* Debug */,
				C521CC1F18819B2F00475F7F /* Release */,
			);
			defaultConfigurationIsVisible = 0;
			defaultConfigurationName = Release;
		};
/* End XCConfigurationList section */

/* Begin XCVersionGroup section */
		CCA1D9441A11110A008E49AD /* iLang.xcdatamodeld */ = {
			isa = XCVersionGroup;
			children = (
				CCA1D9451A11110A008E49AD /* iLang.xcdatamodel */,
			);
			currentVersion = CCA1D9451A11110A008E49AD /* iLang.xcdatamodel */;
			name = iLang.xcdatamodeld;
			path = Model/iLang.xcdatamodeld;
			sourceTree = "<group>";
			versionGroupType = wrapper.xcdatamodel;
		};
		CCA1D9731A111147008E49AD /* iLang.xcdatamodeld */ = {
			isa = XCVersionGroup;
			children = (
				CCA1D9741A111147008E49AD /* iLang.xcdatamodel */,
			);
			currentVersion = CCA1D9741A111147008E49AD /* iLang.xcdatamodel */;
			name = iLang.xcdatamodeld;
			path = finalproject/Model/iLang.xcdatamodeld;
			sourceTree = "<group>";
			versionGroupType = wrapper.xcdatamodel;
		};
/* End XCVersionGroup section */
	};
	rootObject = C521CBE618819B2F00475F7F /* Project object */;
}
